{
  "version": 4,
  "terraform_version": "1.3.0",
  "serial": 8,
  "lineage": "9ba6aebf-25c7-16d4-7649-381b06b10e36",
  "outputs": {},
  "resources": [
    {
      "mode": "managed",
      "type": "aws_iam_policy",
      "name": "app_runner_access",
      "provider": "provider[\"registry.terraform.io/hashicorp/aws\"]",
      "instances": [
        {
          "schema_version": 0,
          "attributes": {
            "arn": "arn:aws:iam::032507467607:policy/AppRunnerAccessPolicy",
            "attachment_count": 0,
            "description": "Policy granting access to App Runner",
            "id": "arn:aws:iam::032507467607:policy/AppRunnerAccessPolicy",
            "name": "AppRunnerAccessPolicy",
            "name_prefix": "",
            "path": "/",
            "policy": "{\"Statement\":[{\"Action\":[\"apprunner:DescribeService\",\"apprunner:ListServices\",\"apprunner:CreateService\",\"apprunner:DeleteService\"],\"Effect\":\"Allow\",\"Resource\":\"*\"}],\"Version\":\"2012-10-17\"}",
            "policy_id": "ANPAQPEMYS5LUQPHLHVX6",
            "tags": null,
            "tags_all": {}
          },
          "sensitive_attributes": [],
          "private": "bnVsbA=="
        }
      ]
    },
    {
      "mode": "managed",
      "type": "aws_iam_policy",
      "name": "ecr_access",
      "provider": "provider[\"registry.terraform.io/hashicorp/aws\"]",
      "instances": [
        {
          "schema_version": 0,
          "attributes": {
            "arn": "arn:aws:iam::032507467607:policy/ECRAccessPolicy",
            "attachment_count": 0,
            "description": "Policy granting access to ECR repositories",
            "id": "arn:aws:iam::032507467607:policy/ECRAccessPolicy",
            "name": "ECRAccessPolicy",
            "name_prefix": "",
            "path": "/",
            "policy": "{\"Statement\":[{\"Action\":[\"ecr:BatchGetImage\",\"ecr:BatchCheckLayerAvailability\",\"ecr:GetAuthorizationToken\",\"ecr:ListImages\"],\"Effect\":\"Allow\",\"Resource\":\"arn:aws:ecr:us-east-1:your-account-id:repository/your-repository\"}],\"Version\":\"2012-10-17\"}",
            "policy_id": "ANPAQPEMYS5LZU6OBSXRS",
            "tags": null,
            "tags_all": {}
          },
          "sensitive_attributes": [],
          "private": "bnVsbA=="
        }
      ]
    },
    {
      "mode": "managed",
      "type": "aws_iam_policy",
      "name": "s3_access",
      "provider": "provider[\"registry.terraform.io/hashicorp/aws\"]",
      "instances": [
        {
          "schema_version": 0,
          "attributes": {
            "arn": "arn:aws:iam::032507467607:policy/S3AccessPolicy",
            "attachment_count": 0,
            "description": "Policy granting access to private S3 buckets",
            "id": "arn:aws:iam::032507467607:policy/S3AccessPolicy",
            "name": "S3AccessPolicy",
            "name_prefix": "",
            "path": "/",
            "policy": "{\"Statement\":[{\"Action\":[\"s3:ListBucket\",\"s3:GetObject\"],\"Effect\":\"Allow\",\"Resource\":[\"arn:aws:s3:::your-private-bucket\",\"arn:aws:s3:::your-private-bucket/*\"]}],\"Version\":\"2012-10-17\"}",
            "policy_id": "ANPAQPEMYS5LYGC53VMU4",
            "tags": null,
            "tags_all": {}
          },
          "sensitive_attributes": [],
          "private": "bnVsbA=="
        }
      ]
    },
    {
      "mode": "managed",
      "type": "aws_iam_user",
      "name": "ashgw_0",
      "provider": "provider[\"registry.terraform.io/hashicorp/aws\"]",
      "instances": [
        {
          "schema_version": 0,
          "attributes": {
            "arn": "arn:aws:iam::032507467607:user/ashgw-0",
            "force_destroy": false,
            "id": "ashgw-0",
            "name": "ashgw-0",
            "path": "/",
            "permissions_boundary": "",
            "tags": null,
            "tags_all": {},
            "unique_id": "AIDAQPEMYS5LQ52UM6HYM"
          },
          "sensitive_attributes": [],
          "private": "bnVsbA=="
        }
      ]
    },
    {
      "mode": "managed",
      "type": "aws_iam_user_policy_attachment",
      "name": "ashgw_0_app_runner",
      "provider": "provider[\"registry.terraform.io/hashicorp/aws\"]",
      "instances": [
        {
          "schema_version": 0,
          "attributes": {
            "id": "ashgw-0-20241116133823602100000002",
            "policy_arn": "arn:aws:iam::032507467607:policy/AppRunnerAccessPolicy",
            "user": "ashgw-0"
          },
          "sensitive_attributes": [],
          "private": "bnVsbA==",
          "dependencies": [
            "aws_iam_policy.app_runner_access",
            "aws_iam_user.ashgw_0"
          ]
        }
      ]
    },
    {
      "mode": "managed",
      "type": "aws_iam_user_policy_attachment",
      "name": "ashgw_0_ecr",
      "provider": "provider[\"registry.terraform.io/hashicorp/aws\"]",
      "instances": [
        {
          "schema_version": 0,
          "attributes": {
            "id": "ashgw-0-20241116133823640800000003",
            "policy_arn": "arn:aws:iam::032507467607:policy/ECRAccessPolicy",
            "user": "ashgw-0"
          },
          "sensitive_attributes": [],
          "private": "bnVsbA==",
          "dependencies": ["aws_iam_policy.ecr_access", "aws_iam_user.ashgw_0"]
        }
      ]
    },
    {
      "mode": "managed",
      "type": "aws_iam_user_policy_attachment",
      "name": "ashgw_0_s3",
      "provider": "provider[\"registry.terraform.io/hashicorp/aws\"]",
      "instances": [
        {
          "schema_version": 0,
          "attributes": {
            "id": "ashgw-0-20241116133823601800000001",
            "policy_arn": "arn:aws:iam::032507467607:policy/S3AccessPolicy",
            "user": "ashgw-0"
          },
          "sensitive_attributes": [],
          "private": "bnVsbA==",
          "dependencies": ["aws_iam_policy.s3_access", "aws_iam_user.ashgw_0"]
        }
      ]
    }
  ],
  "check_results": []
}
