{
  "version": 4,
  "terraform_version": "1.3.0",
  "serial": 2,
  "lineage": "6c72ae7a-ad84-b9ac-8ad1-260ca56a8d21",
  "outputs": {
    "ecr_repository_url": {
      "value": "032507467607.dkr.ecr.us-east-2.amazonaws.com/ashgw/www",
      "type": "string"
    }
  },
  "resources": [
    {
      "mode": "managed",
      "type": "aws_ecr_repository",
      "name": "ecr",
      "provider": "provider[\"registry.terraform.io/hashicorp/aws\"]",
      "instances": [
        {
          "schema_version": 0,
          "attributes": {
            "arn": "arn:aws:ecr:us-east-2:032507467607:repository/ashgw/www",
            "encryption_configuration": [
              {
                "encryption_type": "AES256",
                "kms_key": ""
              }
            ],
            "force_delete": true,
            "id": "ashgw/www",
            "image_scanning_configuration": [
              {
                "scan_on_push": true
              }
            ],
            "image_tag_mutability": "MUTABLE",
            "name": "ashgw/www",
            "registry_id": "032507467607",
            "repository_url": "032507467607.dkr.ecr.us-east-2.amazonaws.com/ashgw/www",
            "tags": null,
            "tags_all": {},
            "timeouts": null
          },
          "sensitive_attributes": [],
          "private": "eyJlMmJmYjczMC1lY2FhLTExZTYtOGY4OC0zNDM2M2JjN2M0YzAiOnsiZGVsZXRlIjoxMjAwMDAwMDAwMDAwfX0="
        }
      ]
    }
  ],
  "check_results": []
}
